
Microsoft Visual Studio Solution File, Format Version 12.00
# Visual Studio Version 17
VisualStudioVersion = 17.14.37614.0
MinimumVisualStudioVersion = 10.0.40219.1
Project("{2150E333-8FDC-42A3-9474-1A3956D46DE8}") = "Task0", "Task0", "{02EA681E-C7D8-13C7-8484-4AC65E1B71E8}"
EndProject
Project("{FAE04EC0-301F-11D3-BF4B-00C04F79EFBC}") = "Tyuiu.TaranIV.Sprint2.Task0.V5", "Tyuiu.TaranIV.Sprint2.Task0.V5\Tyuiu.TaranIV.Sprint2.Task0.V5.csproj", "{DCC0500D-6427-4FA3-ABB4-DA93E911C531}"
EndProject
Project("{FAE04EC0-301F-11D3-BF4B-00C04F79EFBC}") = "Tyuiu.TaranIV.Sprint2.Task0.V5.Lib", "Tyuiu.TaranIV.Sprint2.Task0.V5.Lib\Tyuiu.TaranIV.Sprint2.Task0.V5.Lib.csproj", "{09491944-B39B-4643-89D6-A4710F7E23A6}"
EndProject
Project("{FAE04EC0-301F-11D3-BF4B-00C04F79EFBC}") = "Tyuiu.TaranIV.Sprint2.Task0.V5.Test", "Tyuiu.TaranIV.Sprint2.Task0.V5.Test\Tyuiu.TaranIV.Sprint2.Task0.V5.Test.csproj", "{3CCF5F78-8265-4D45-B984-B24035C52CA7}"
EndProject
Project("{2150E333-8FDC-42A3-9474-1A3956D46DE8}") = "Task1", "Task1", "{21FFD82B-EC3F-4663-A445-11FC159B67DB}"
EndProject
Project("{FAE04EC0-301F-11D3-BF4B-00C04F79EFBC}") = "Tyuiu.TaranIV.Sprint2.Task1.V2", "Tyuiu.TaranIV.Sprint2.Task1.V2\Tyuiu.TaranIV.Sprint2.Task1.V2.csproj", "{12AED988-28CF-4764-B8A9-C01CD97B7B75}"
EndProject
Project("{FAE04EC0-301F-11D3-BF4B-00C04F79EFBC}") = "Tyuiu.TaranIV.Sprint2.Task1.V2.Test", "Tyuiu.TaranIV.Sprint2.Task1.V2.Test\Tyuiu.TaranIV.Sprint2.Task1.V2.Test.csproj", "{9ED6130B-832C-4813-8F99-AA8C957D57E8}"
EndProject
Project("{FAE04EC0-301F-11D3-BF4B-00C04F79EFBC}") = "Tyuiu.TaranIV.Sprint2.Task1.V2.Lib", "Tyuiu.TaranIV.Sprint2.Task1.V2.Lib\Tyuiu.TaranIV.Sprint2.Task1.V2.Lib.csproj", "{FD632AD5-01D7-4012-8A78-C2CE17B0577C}"
EndProject
Project("{2150E333-8FDC-42A3-9474-1A3956D46DE8}") = "Task2", "Task2", "{4007DA92-C854-4CAF-A345-566827314D03}"
EndProject
Project("{FAE04EC0-301F-11D3-BF4B-00C04F79EFBC}") = "Tyuiu.TaranIV.Sprint2.Task2.V13", "Tyuiu.TaranIV.Sprint2.Task2.V13\Tyuiu.TaranIV.Sprint2.Task2.V13.csproj", "{858594BA-FB0A-4C0A-AD80-F55758DBB823}"
EndProject
Project("{FAE04EC0-301F-11D3-BF4B-00C04F79EFBC}") = "Tyuiu.TaranIV.Sprint2.Task2.V13.Lib", "Tyuiu.TaranIV.Sprint2.Task2.V13.Lib\Tyuiu.TaranIV.Sprint2.Task2.V13.Lib.csproj", "{36238E0D-CFC2-41A3-A2A7-D903C8F726CB}"
EndProject
Project("{FAE04EC0-301F-11D3-BF4B-00C04F79EFBC}") = "Tyuiu.TaranIV.Sprint2.Task2.V13.Test", "Tyuiu.TaranIV.Sprint2.Task2.V13.Test\Tyuiu.TaranIV.Sprint2.Task2.V13.Test.csproj", "{BDFB8C76-FC54-476C-9CD2-E90B939E35C7}"
EndProject
Project("{2150E333-8FDC-42A3-9474-1A3956D46DE8}") = "Task3", "Task3", "{859D9E68-E7EA-4933-9821-E309DD141527}"
EndProject
Project("{FAE04EC0-301F-11D3-BF4B-00C04F79EFBC}") = "Tyuiu.TaranIV.Sprint2.Task3.V27", "Tyuiu.TaranIV.Sprint2.Task3.V27\Tyuiu.TaranIV.Sprint2.Task3.V27.csproj", "{F3FD05FB-F74C-4DA4-B599-CA2A4EA86F55}"
EndProject
Project("{FAE04EC0-301F-11D3-BF4B-00C04F79EFBC}") = "Tyuiu.TaranIV.Sprint2.Task3.V27.Lib", "Tyuiu.TaranIV.Sprint2.Task3.V27.Lib\Tyuiu.TaranIV.Sprint2.Task3.V27.Lib.csproj", "{3144F9F5-57D8-4009-8C1D-C88E663BD614}"
EndProject
Project("{FAE04EC0-301F-11D3-BF4B-00C04F79EFBC}") = "Tyuiu.TaranIV.Sprint2.Task3.V27.Test", "Tyuiu.TaranIV.Sprint2.Task3.V27.Test\Tyuiu.TaranIV.Sprint2.Task3.V27.Test.csproj", "{46711F3B-50B8-4852-9967-929863095649}"
EndProject
Global
	GlobalSection(SolutionConfigurationPlatforms) = preSolution
		Debug|Any CPU = Debug|Any CPU
		Release|Any CPU = Release|Any CPU
	EndGlobalSection
	GlobalSection(ProjectConfigurationPlatforms) = postSolution
		{DCC0500D-6427-4FA3-ABB4-DA93E911C531}.Debug|Any CPU.ActiveCfg = Debug|Any CPU
		{DCC0500D-6427-4FA3-ABB4-DA93E911C531}.Debug|Any CPU.Build.0 = Debug|Any CPU
		{DCC0500D-6427-4FA3-ABB4-DA93E911C531}.Release|Any CPU.ActiveCfg = Release|Any CPU
		{DCC0500D-6427-4FA3-ABB4-DA93E911C531}.Release|Any CPU.Build.0 = Release|Any CPU
		{09491944-B39B-4643-89D6-A4710F7E23A6}.Debug|Any CPU.ActiveCfg = Debug|Any CPU
		{09491944-B39B-4643-89D6-A4710F7E23A6}.Debug|Any CPU.Build.0 = Debug|Any CPU
		{09491944-B39B-4643-89D6-A4710F7E23A6}.Release|Any CPU.ActiveCfg = Release|Any CPU
		{09491944-B39B-4643-89D6-A4710F7E23A6}.Release|Any CPU.Build.0 = Release|Any CPU
		{3CCF5F78-8265-4D45-B984-B24035C52CA7}.Debug|Any CPU.ActiveCfg = Debug|Any CPU
		{3CCF5F78-8265-4D45-B984-B24035C52CA7}.Debug|Any CPU.Build.0 = Debug|Any CPU
		{3CCF5F78-8265-4D45-B984-B24035C52CA7}.Release|Any CPU.ActiveCfg = Release|Any CPU
		{3CCF5F78-8265-4D45-B984-B24035C52CA7}.Release|Any CPU.Build.0 = Release|Any CPU
		{12AED988-28CF-4764-B8A9-C01CD97B7B75}.Debug|Any CPU.ActiveCfg = Debug|Any CPU
		{12AED988-28CF-4764-B8A9-C01CD97B7B75}.Debug|Any CPU.Build.0 = Debug|Any CPU
		{12AED988-28CF-4764-B8A9-C01CD97B7B75}.Release|Any CPU.ActiveCfg = Release|Any CPU
		{12AED988-28CF-4764-B8A9-C01CD97B7B75}.Release|Any CPU.Build.0 = Release|Any CPU
		{9ED6130B-832C-4813-8F99-AA8C957D57E8}.Debug|Any CPU.ActiveCfg = Debug|Any CPU
		{9ED6130B-832C-4813-8F99-AA8C957D57E8}.Debug|Any CPU.Build.0 = Debug|Any CPU
		{9ED6130B-832C-4813-8F99-AA8C957D57E8}.Release|Any CPU.ActiveCfg = Release|Any CPU
		{9ED6130B-832C-4813-8F99-AA8C957D57E8}.Release|Any CPU.Build.0 = Release|Any CPU
		{FD632AD5-01D7-4012-8A78-C2CE17B0577C}.Debug|Any CPU.ActiveCfg = Debug|Any CPU
		{FD632AD5-01D7-4012-8A78-C2CE17B0577C}.Debug|Any CPU.Build.0 = Debug|Any CPU
		{FD632AD5-01D7-4012-8A78-C2CE17B0577C}.Release|Any CPU.ActiveCfg = Release|Any CPU
		{FD632AD5-01D7-4012-8A78-C2CE17B0577C}.Release|Any CPU.Build.0 = Release|Any CPU
		{858594BA-FB0A-4C0A-AD80-F55758DBB823}.Debug|Any CPU.ActiveCfg = Debug|Any CPU
		{858594BA-FB0A-4C0A-AD80-F55758DBB823}.Debug|Any CPU.Build.0 = Debug|Any CPU
		{858594BA-FB0A-4C0A-AD80-F55758DBB823}.Release|Any CPU.ActiveCfg = Release|Any CPU
		{858594BA-FB0A-4C0A-AD80-F55758DBB823}.Release|Any CPU.Build.0 = Release|Any CPU
		{36238E0D-CFC2-41A3-A2A7-D903C8F726CB}.Debug|Any CPU.ActiveCfg = Debug|Any CPU
		{36238E0D-CFC2-41A3-A2A7-D903C8F726CB}.Debug|Any CPU.Build.0 = Debug|Any CPU
		{36238E0D-CFC2-41A3-A2A7-D903C8F726CB}.Release|Any CPU.ActiveCfg = Release|Any CPU
		{36238E0D-CFC2-41A3-A2A7-D903C8F726CB}.Release|Any CPU.Build.0 = Release|Any CPU
		{BDFB8C76-FC54-476C-9CD2-E90B939E35C7}.Debug|Any CPU.ActiveCfg = Debug|Any CPU
		{BDFB8C76-FC54-476C-9CD2-E90B939E35C7}.Debug|Any CPU.Build.0 = Debug|Any CPU
		{BDFB8C76-FC54-476C-9CD2-E90B939E35C7}.Release|Any CPU.ActiveCfg = Release|Any CPU
		{BDFB8C76-FC54-476C-9CD2-E90B939E35C7}.Release|Any CPU.Build.0 = Release|Any CPU
		{F3FD05FB-F74C-4DA4-B599-CA2A4EA86F55}.Debug|Any CPU.ActiveCfg = Debug|Any CPU
		{F3FD05FB-F74C-4DA4-B599-CA2A4EA86F55}.Debug|Any CPU.Build.0 = Debug|Any CPU
		{F3FD05FB-F74C-4DA4-B599-CA2A4EA86F55}.Release|Any CPU.ActiveCfg = Release|Any CPU
		{F3FD05FB-F74C-4DA4-B599-CA2A4EA86F55}.Release|Any CPU.Build.0 = Release|Any CPU
		{3144F9F5-57D8-4009-8C1D-C88E663BD614}.Debug|Any CPU.ActiveCfg = Debug|Any CPU
		{3144F9F5-57D8-4009-8C1D-C88E663BD614}.Debug|Any CPU.Build.0 = Debug|Any CPU
		{3144F9F5-57D8-4009-8C1D-C88E663BD614}.Release|Any CPU.ActiveCfg = Release|Any CPU
		{3144F9F5-57D8-4009-8C1D-C88E663BD614}.Release|Any CPU.Build.0 = Release|Any CPU
		{46711F3B-50B8-4852-9967-929863095649}.Debug|Any CPU.ActiveCfg = Debug|Any CPU
		{46711F3B-50B8-4852-9967-929863095649}.Debug|Any CPU.Build.0 = Debug|Any CPU
		{46711F3B-50B8-4852-9967-929863095649}.Release|Any CPU.ActiveCfg = Release|Any CPU
		{46711F3B-50B8-4852-9967-929863095649}.Release|Any CPU.Build.0 = Release|Any CPU
	EndGlobalSection
	GlobalSection(SolutionProperties) = preSolution
		HideSolutionNode = FALSE
	EndGlobalSection
	GlobalSection(NestedProjects) = preSolution
		{DCC0500D-6427-4FA3-ABB4-DA93E911C531} = {02EA681E-C7D8-13C7-8484-4AC65E1B71E8}
		{09491944-B39B-4643-89D6-A4710F7E23A6} = {02EA681E-C7D8-13C7-8484-4AC65E1B71E8}
		{3CCF5F78-8265-4D45-B984-B24035C52CA7} = {02EA681E-C7D8-13C7-8484-4AC65E1B71E8}
		{12AED988-28CF-4764-B8A9-C01CD97B7B75} = {21FFD82B-EC3F-4663-A445-11FC159B67DB}
		{9ED6130B-832C-4813-8F99-AA8C957D57E8} = {21FFD82B-EC3F-4663-A445-11FC159B67DB}
		{FD632AD5-01D7-4012-8A78-C2CE17B0577C} = {21FFD82B-EC3F-4663-A445-11FC159B67DB}
		{858594BA-FB0A-4C0A-AD80-F55758DBB823} = {4007DA92-C854-4CAF-A345-566827314D03}
		{36238E0D-CFC2-41A3-A2A7-D903C8F726CB} = {4007DA92-C854-4CAF-A345-566827314D03}
		{BDFB8C76-FC54-476C-9CD2-E90B939E35C7} = {4007DA92-C854-4CAF-A345-566827314D03}
		{F3FD05FB-F74C-4DA4-B599-CA2A4EA86F55} = {859D9E68-E7EA-4933-9821-E309DD141527}
		{3144F9F5-57D8-4009-8C1D-C88E663BD614} = {859D9E68-E7EA-4933-9821-E309DD141527}
		{46711F3B-50B8-4852-9967-929863095649} = {859D9E68-E7EA-4933-9821-E309DD141527}
	EndGlobalSection
	GlobalSection(ExtensibilityGlobals) = postSolution
		SolutionGuid = {1F1D2D03-2216-4574-B1FC-51CFC2269392}
	EndGlobalSection
EndGlobal
